
Microsoft Visual Studio Solution File, Format Version 12.00
# Visual Studio Version 16
VisualStudioVersion = 16.0.28803.202
MinimumVisualStudioVersion = 10.0.40219.1
Project("{FAE04EC0-301F-11D3-BF4B-00C04F79EFBC}") = "PSHighJump", "PSHighJump\PSHighJump.csproj", "{A35BA59F-4C22-40BC-8555-19AEDC586BBC}"
EndProject
Global
	GlobalSection(SolutionConfigurationPlatforms) = preSolution
		Debug|Any CPU = Debug|Any CPU
		Release|Any CPU = Release|Any CPU
	EndGlobalSection
	GlobalSection(ProjectConfigurationPlatforms) = postSolution
		{A35BA59F-4C22-40BC-8555-19AEDC586BBC}.Debug|Any CPU.ActiveCfg = Debug|Any CPU
		{A35BA59F-4C22-40BC-8555-19AEDC586BBC}.Debug|Any CPU.Build.0 = Debug|Any CPU
		{A35BA59F-4C22-40BC-8555-19AEDC586BBC}.Release|Any CPU.ActiveCfg = Release|Any CPU
		{A35BA59F-4C22-40BC-8555-19AEDC586BBC}.Release|Any CPU.Build.0 = Release|Any CPU
	EndGlobalSection
	GlobalSection(SolutionProperties) = preSolution
		HideSolutionNode = FALSE
	EndGlobalSection
	GlobalSection(ExtensibilityGlobals) = postSolution
		SolutionGuid = {E5AB7E87-44C6-4F05-B8A1-E50BB2F10005}
	EndGlobalSection
EndGlobal
